
Microsoft Visual Studio Solution File, Format Version 12.00
# Visual Studio 15
VisualStudioVersion = 15.0.27703.2026
MinimumVisualStudioVersion = 10.0.40219.1
Project("{9A19103F-16F7-4668-BE54-9A1E7A4F7556}") = "MockProject", "MockProject\MockProject.csproj", "{FBE8609D-B8C0-4177-8C20-3C4EB4B33615}"
EndProject
Project("{9A19103F-16F7-4668-BE54-9A1E7A4F7556}") = "MockProject.Tests", "MockProject.Tests\MockProject.Tests.csproj", "{12A5580C-DE3B-4E45-990D-F24FF6B7C332}"
EndProject
Global
	GlobalSection(SolutionConfigurationPlatforms) = preSolution
		Debug|Any CPU = Debug|Any CPU
		Release|Any CPU = Release|Any CPU
	EndGlobalSection
	GlobalSection(ProjectConfigurationPlatforms) = postSolution
		{FBE8609D-B8C0-4177-8C20-3C4EB4B33615}.Debug|Any CPU.ActiveCfg = Debug|Any CPU
		{FBE8609D-B8C0-4177-8C20-3C4EB4B33615}.Debug|Any CPU.Build.0 = Debug|Any CPU
		{FBE8609D-B8C0-4177-8C20-3C4EB4B33615}.Release|Any CPU.ActiveCfg = Release|Any CPU
		{FBE8609D-B8C0-4177-8C20-3C4EB4B33615}.Release|Any CPU.Build.0 = Release|Any CPU
		{12A5580C-DE3B-4E45-990D-F24FF6B7C332}.Debug|Any CPU.ActiveCfg = Debug|Any CPU
		{12A5580C-DE3B-4E45-990D-F24FF6B7C332}.Debug|Any CPU.Build.0 = Debug|Any CPU
		{12A5580C-DE3B-4E45-990D-F24FF6B7C332}.Release|Any CPU.ActiveCfg = Release|Any CPU
		{12A5580C-DE3B-4E45-990D-F24FF6B7C332}.Release|Any CPU.Build.0 = Release|Any CPU
	EndGlobalSection
	GlobalSection(SolutionProperties) = preSolution
		HideSolutionNode = FALSE
	EndGlobalSection
	GlobalSection(ExtensibilityGlobals) = postSolution
		SolutionGuid = {13F56F7F-3E9F-4DE3-B0C8-4EB5581F36A0}
	EndGlobalSection
EndGlobal
